{
  "name": "project-sniper-pinned-clis",
  "lockfileVersion": 3,
  "requires": true,
  "packages": {
    "": {
      "name": "project-sniper-pinned-clis",
      "license": "UNLICENSED",
      "dependencies": {
        "@anthropic-ai/claude-code": "2.1.247",
        "@openai/codex": "0.144.1"
      }
    },
    "node_modules/@anthropic-ai/claude-code": {
      "version": "2.1.247",
      "resolved": "https://registry.npmjs.org/@anthropic-ai/claude-code/-/claude-code-2.1.247.tgz",
      "integrity": "sha512-2Z2UQKom3x6GBQDYlFFi00KbRciqsuGL9CpK+IN3fXmmJb7IXVitrRZ6HZyUw0ixnckr814GIp0FUaXwDEbBrw==",
      "hasInstallScript": true,
      "license": "SEE LICENSE IN README.md",
      "bin": {
        "claude": "bin/claude.exe"
      },
      "engines": {
        "node": ">=22.0.0"
      },
      "optionalDependencies": {
        "@anthropic-ai/claude-code-darwin-arm64": "2.1.247",
        "@anthropic-ai/claude-code-darwin-x64": "2.1.247",
        "@anthropic-ai/claude-code-linux-arm64": "2.1.247",
        "@anthropic-ai/claude-code-linux-arm64-musl": "2.1.247",
        "@anthropic-ai/claude-code-linux-x64": "2.1.247",
        "@anthropic-ai/claude-code-linux-x64-musl": "2.1.247",
        "@anthropic-ai/claude-code-win32-arm64": "2.1.247",
        "@anthropic-ai/claude-code-win32-x64": "2.1.247"
      }
    },
    "node_modules/@anthropic-ai/claude-code-darwin-arm64": {
      "version": "2.1.247",
      "resolved": "https://registry.npmjs.org/@anthropic-ai/claude-code-darwin-arm64/-/claude-code-darwin-arm64-2.1.247.tgz",
      "integrity": "sha512-PgInuhsq1LONloSE6puAPzQUakRDDkX8fYPz+k7CCJK8uvfsxtSwA19T1l3ebVuZauPcss+E4abk+WFwGlY3Cg==",
      "cpu": [
        "arm64"
      ],
      "license": "SEE LICENSE IN LICENSE.md",
      "optional": true,
      "os": [
        "darwin"
      ]
    },
    "node_modules/@anthropic-ai/claude-code-darwin-x64": {
      "version": "2.1.247",
      "resolved": "https://registry.npmjs.org/@anthropic-ai/claude-code-darwin-x64/-/claude-code-darwin-x64-2.1.247.tgz",
      "integrity": "sha512-CAMN8THavM7V0qhX6JwvfXIAMuQHxQf8XYP2ztMR2MsIT1Vrac1bmXav/tmlVFmA2UaRBHImGIHO+4oiyaziTA==",
      "cpu": [
        "x64"
      ],
      "license": "SEE LICENSE IN LICENSE.md",
      "optional": true,
      "os": [
        "darwin"
      ]
    },
    "node_modules/@anthropic-ai/claude-code-linux-arm64": {
      "version": "2.1.247",
      "resolved": "https://registry.npmjs.org/@anthropic-ai/claude-code-linux-arm64/-/claude-code-linux-arm64-2.1.247.tgz",
      "integrity": "sha512-oz5zSpSHY3WBaajo70L61YVM0efGxhoguOhz2DjbVy/Q6EvXoDaAj6813IzIHHsRugLYQ36D1B32GDSL63mz6Q==",
      "cpu": [
        "arm64"
      ],
      "license": "SEE LICENSE IN LICENSE.md",
      "optional": true,
      "os": [
        "linux"
      ]
    },
    "node_modules/@anthropic-ai/claude-code-linux-arm64-musl": {
      "version": "2.1.247",
      "resolved": "https://registry.npmjs.org/@anthropic-ai/claude-code-linux-arm64-musl/-/claude-code-linux-arm64-musl-2.1.247.tgz",
      "integrity": "sha512-894hf5lB/+nBIHkzWwo4iDFzTCaJxKqLMfZRmiEj4FMoToepNXRr+jROwuXTAdWE7wKqZjUGi7SDbykfLR40Jw==",
      "cpu": [
        "arm64"
      ],
      "license": "SEE LICENSE IN LICENSE.md",
      "optional": true,
      "os": [
        "linux"
      ]
    },
    "node_modules/@anthropic-ai/claude-code-linux-x64": {
      "version": "2.1.247",
      "resolved": "https://registry.npmjs.org/@anthropic-ai/claude-code-linux-x64/-/claude-code-linux-x64-2.1.247.tgz",
      "integrity": "sha512-ZHjg+YRpBDKmTzIWtVF7ofABjwz387bCjDCUyO89ttuOwlUvh1zmCVwTlL6BdJO/v9uCTbQOrM7GUIDqzmPAoA==",
      "cpu": [
        "x64"
      ],
      "license": "SEE LICENSE IN LICENSE.md",
      "optional": true,
      "os": [
        "linux"
      ]
    },
    "node_modules/@anthropic-ai/claude-code-linux-x64-musl": {
      "version": "2.1.247",
      "resolved": "https://registry.npmjs.org/@anthropic-ai/claude-code-linux-x64-musl/-/claude-code-linux-x64-musl-2.1.247.tgz",
      "integrity": "sha512-/2ZS9KFUxvXlO4z1byS4BJExUfh51IbtrUVuF4QbdkAMBirnNF16ACJyorzcKfvQR8+aLoPuznMuIZd2yltRXQ==",
      "cpu": [
        "x64"
      ],
      "license": "SEE LICENSE IN LICENSE.md",
      "optional": true,
      "os": [
        "linux"
      ]
    },
    "node_modules/@anthropic-ai/claude-code-win32-arm64": {
      "version": "2.1.247",
      "resolved": "https://registry.npmjs.org/@anthropic-ai/claude-code-win32-arm64/-/claude-code-win32-arm64-2.1.247.tgz",
      "integrity": "sha512-vN73B/ofkhj939CN5aEW84wuJKWJ7t7Ecn0u1tu59zcUfuIjIllliTjnuVmmYolaR8mncLjK81d1dXMqHhbb7w==",
      "cpu": [
        "arm64"
      ],
      "license": "SEE LICENSE IN LICENSE.md",
      "optional": true,
      "os": [
        "win32"
      ]
    },
    "node_modules/@anthropic-ai/claude-code-win32-x64": {
      "version": "2.1.247",
      "resolved": "https://registry.npmjs.org/@anthropic-ai/claude-code-win32-x64/-/claude-code-win32-x64-2.1.247.tgz",
      "integrity": "sha512-nCg+StYkQjcZh4cWUwwD4ECTj/9jfWlNMxpsFvg2BgWkEtoA/q6bX+1NyYw9FRibbdD6MUfi7dtvK36koWqL2w==",
      "cpu": [
        "x64"
      ],
      "license": "SEE LICENSE IN LICENSE.md",
      "optional": true,
      "os": [
        "win32"
      ]
    },
    "node_modules/@openai/codex": {
      "version": "0.144.1",
      "resolved": "https://registry.npmjs.org/@openai/codex/-/codex-0.144.1.tgz",
      "integrity": "sha512-Xir1zqPfpenhdoAoshN53uonzbBXj18COyzRkFlVZpSNyEl5XtkuYu9oddELePFN7K/0sXUcSO34Ad5IeCXPbw==",
      "license": "Apache-2.0",
      "bin": {
        "codex": "bin/codex.js"
      },
      "engines": {
        "node": ">=16"
      },
      "optionalDependencies": {
        "@openai/codex-darwin-arm64": "npm:@openai/codex@0.144.1-darwin-arm64",
        "@openai/codex-darwin-x64": "npm:@openai/codex@0.144.1-darwin-x64",
        "@openai/codex-linux-arm64": "npm:@openai/codex@0.144.1-linux-arm64",
        "@openai/codex-linux-x64": "npm:@openai/codex@0.144.1-linux-x64",
        "@openai/codex-win32-arm64": "npm:@openai/codex@0.144.1-win32-arm64",
        "@openai/codex-win32-x64": "npm:@openai/codex@0.144.1-win32-x64"
      }
    },
    "node_modules/@openai/codex-darwin-arm64": {
      "name": "@openai/codex",
      "version": "0.144.1-darwin-arm64",
      "resolved": "https://registry.npmjs.org/@openai/codex/-/codex-0.144.1-darwin-arm64.tgz",
      "integrity": "sha512-dABeDK+ATqMG54MGBd3VjpKfh5EOoqx9PKVQB2QYDaEXx3F6CdUCXue5QIMfr4OxziUj8pUcLAQyd+KFqiTUFw==",
      "cpu": [
        "arm64"
      ],
      "license": "Apache-2.0",
      "optional": true,
      "os": [
        "darwin"
      ],
      "engines": {
        "node": ">=16"
      }
    },
    "node_modules/@openai/codex-darwin-x64": {
      "name": "@openai/codex",
      "version": "0.144.1-darwin-x64",
      "resolved": "https://registry.npmjs.org/@openai/codex/-/codex-0.144.1-darwin-x64.tgz",
      "integrity": "sha512-K2g3Q3tNxzFhV0SuzO6HcsYK7EQrp/o4HyeReyhkwVrwwUPoYwyIbB0IRjHIiDzRhbKriDccid2iyF5aPqdTcg==",
      "cpu": [
        "x64"
      ],
      "license": "Apache-2.0",
      "optional": true,
      "os": [
        "darwin"
      ],
      "engines": {
        "node": ">=16"
      }
    },
    "node_modules/@openai/codex-linux-arm64": {
      "name": "@openai/codex",
      "version": "0.144.1-linux-arm64",
      "resolved": "https://registry.npmjs.org/@openai/codex/-/codex-0.144.1-linux-arm64.tgz",
      "integrity": "sha512-451o15+XtaXCCb35t/KCyyPqXHnTPxPxtdqEYOnE3e4sH5AfnI/uVJwfdjOksMG6vRLy6R+fLvSDOMguRFLmQw==",
      "cpu": [
        "arm64"
      ],
      "license": "Apache-2.0",
      "optional": true,
      "os": [
        "linux"
      ],
      "engines": {
        "node": ">=16"
      }
    },
    "node_modules/@openai/codex-linux-x64": {
      "name": "@openai/codex",
      "version": "0.144.1-linux-x64",
      "resolved": "https://registry.npmjs.org/@openai/codex/-/codex-0.144.1-linux-x64.tgz",
      "integrity": "sha512-HNGVI+BulrOaC/0IzBvd6EL62j7LrlbFKibrhw6hZjjCjAeUYzRB2jB4qDzXN1NfqDi6Xrvniof3kwbwab24lg==",
      "cpu": [
        "x64"
      ],
      "license": "Apache-2.0",
      "optional": true,
      "os": [
        "linux"
      ],
      "engines": {
        "node": ">=16"
      }
    },
    "node_modules/@openai/codex-win32-arm64": {
      "name": "@openai/codex",
      "version": "0.144.1-win32-arm64",
      "resolved": "https://registry.npmjs.org/@openai/codex/-/codex-0.144.1-win32-arm64.tgz",
      "integrity": "sha512-L4aDVEh9o1u7WYoxpSyv3un9Bz26YZYocOFqE2oHdEQDL2s6/LdtutLQc3oUZruLlEbkNsjSU0HI1OKsP0+Ctg==",
      "cpu": [
        "arm64"
      ],
      "license": "Apache-2.0",
      "optional": true,
      "os": [
        "win32"
      ],
      "engines": {
        "node": ">=16"
      }
    },
    "node_modules/@openai/codex-win32-x64": {
      "name": "@openai/codex",
      "version": "0.144.1-win32-x64",
      "resolved": "https://registry.npmjs.org/@openai/codex/-/codex-0.144.1-win32-x64.tgz",
      "integrity": "sha512-qv2HOp6v/nVP31p5I5GxYyL0wa79PMzim1+W9CKSV0UldjFV9AMbualA8PeXcYhbvvh9Y1UASXxwjuQdlyfAvw==",
      "cpu": [
        "x64"
      ],
      "license": "Apache-2.0",
      "optional": true,
      "os": [
        "win32"
      ],
      "engines": {
        "node": ">=16"
      }
    }
  }
}
